
Microsoft Visual Studio Solution File, Format Version 12.00
# Visual Studio Version 16
VisualStudioVersion = 16.0.30104.148
MinimumVisualStudioVersion = 10.0.40219.1
Project("{9A19103F-16F7-4668-BE54-9A1E7A4F7556}") = "DAL", "DAL\DAL.csproj", "{A7145A9C-FB63-4805-85D0-60108263853D}"
EndProject
Project("{FAE04EC0-301F-11D3-BF4B-00C04F79EFBC}") = "BLL", "BLL\BLL.csproj", "{A59F0713-150E-4BAC-9C70-472AFEBA31A0}"
EndProject
Project("{FAE04EC0-301F-11D3-BF4B-00C04F79EFBC}") = "API", "API\API.csproj", "{6986CC49-F1CB-47AC-B17D-6E4C5531C9CA}"
EndProject
Global
	GlobalSection(SolutionConfigurationPlatforms) = preSolution
		Debug|Any CPU = Debug|Any CPU
		Release|Any CPU = Release|Any CPU
	EndGlobalSection
	GlobalSection(ProjectConfigurationPlatforms) = postSolution
		{A7145A9C-FB63-4805-85D0-60108263853D}.Debug|Any CPU.ActiveCfg = Debug|Any CPU
		{A7145A9C-FB63-4805-85D0-60108263853D}.Debug|Any CPU.Build.0 = Debug|Any CPU
		{A7145A9C-FB63-4805-85D0-60108263853D}.Release|Any CPU.ActiveCfg = Release|Any CPU
		{A7145A9C-FB63-4805-85D0-60108263853D}.Release|Any CPU.Build.0 = Release|Any CPU
		{A59F0713-150E-4BAC-9C70-472AFEBA31A0}.Debug|Any CPU.ActiveCfg = Debug|Any CPU
		{A59F0713-150E-4BAC-9C70-472AFEBA31A0}.Debug|Any CPU.Build.0 = Debug|Any CPU
		{A59F0713-150E-4BAC-9C70-472AFEBA31A0}.Release|Any CPU.ActiveCfg = Release|Any CPU
		{A59F0713-150E-4BAC-9C70-472AFEBA31A0}.Release|Any CPU.Build.0 = Release|Any CPU
		{6986CC49-F1CB-47AC-B17D-6E4C5531C9CA}.Debug|Any CPU.ActiveCfg = Debug|Any CPU
		{6986CC49-F1CB-47AC-B17D-6E4C5531C9CA}.Debug|Any CPU.Build.0 = Debug|Any CPU
		{6986CC49-F1CB-47AC-B17D-6E4C5531C9CA}.Release|Any CPU.ActiveCfg = Release|Any CPU
		{6986CC49-F1CB-47AC-B17D-6E4C5531C9CA}.Release|Any CPU.Build.0 = Release|Any CPU
	EndGlobalSection
	GlobalSection(SolutionProperties) = preSolution
		HideSolutionNode = FALSE
	EndGlobalSection
	GlobalSection(ExtensibilityGlobals) = postSolution
		SolutionGuid = {81E88CEC-D718-478D-982A-48AD3DD7570D}
	EndGlobalSection
EndGlobal
